{
  "version": 4,
  "terraform_version": "1.3.3",
  "serial": 50,
  "lineage": "784510a5-e1be-be61-d173-93dbbee799da",
  "outputs": {
    "public_ip": {
      "value": "3.139.91.26",
      "type": "string"
    }
  },
  "resources": [
    {
      "mode": "data",
      "type": "aws_ami",
      "name": "ubuntu_last",
      "provider": "provider[\"registry.terraform.io/hashicorp/aws\"]",
      "instances": [
        {
          "schema_version": 0,
          "attributes": {
            "architecture": "x86_64",
            "arn": "arn:aws:ec2:us-east-2::image/ami-07414462a31609040",
            "block_device_mappings": [
              {
                "device_name": "/dev/sda1",
                "ebs": {
                  "delete_on_termination": "true",
                  "encrypted": "false",
                  "iops": "0",
                  "snapshot_id": "snap-0cc11f32718c4c20b",
                  "throughput": "0",
                  "volume_size": "8",
                  "volume_type": "gp2"
                },
                "no_device": "",
                "virtual_name": ""
              },
              {
                "device_name": "/dev/sdb",
                "ebs": {},
                "no_device": "",
                "virtual_name": "ephemeral0"
              },
              {
                "device_name": "/dev/sdc",
                "ebs": {},
                "no_device": "",
                "virtual_name": "ephemeral1"
              }
            ],
            "boot_mode": "",
            "creation_date": "2022-11-18T03:11:58.000Z",
            "deprecation_time": "2024-11-18T03:11:58.000Z",
            "description": "Canonical, Ubuntu, 22.04 LTS, amd64 jammy image build on 2022-11-18",
            "ena_support": true,
            "executable_users": null,
            "filter": [
              {
                "name": "name",
                "values": [
                  "ubuntu/images/hvm-ssd/ubuntu-jammy-22.04-amd64-server*"
                ]
              },
              {
                "name": "virtualization-type",
                "values": [
                  "hvm"
                ]
              }
            ],
            "hypervisor": "xen",
            "id": "ami-07414462a31609040",
            "image_id": "ami-07414462a31609040",
            "image_location": "amazon/ubuntu/images/hvm-ssd/ubuntu-jammy-22.04-amd64-server-20221118",
            "image_owner_alias": "amazon",
            "image_type": "machine",
            "imds_support": "",
            "include_deprecated": false,
            "kernel_id": "",
            "most_recent": true,
            "name": "ubuntu/images/hvm-ssd/ubuntu-jammy-22.04-amd64-server-20221118",
            "name_regex": null,
            "owner_id": "099720109477",
            "owners": [
              "099720109477"
            ],
            "platform": "",
            "platform_details": "Linux/UNIX",
            "product_codes": [],
            "public": true,
            "ramdisk_id": "",
            "root_device_name": "/dev/sda1",
            "root_device_type": "ebs",
            "root_snapshot_id": "snap-0cc11f32718c4c20b",
            "sriov_net_support": "simple",
            "state": "available",
            "state_reason": {
              "code": "UNSET",
              "message": "UNSET"
            },
            "tags": {},
            "timeouts": null,
            "tpm_support": "",
            "usage_operation": "RunInstances",
            "virtualization_type": "hvm"
          },
          "sensitive_attributes": []
        }
      ]
    },
    {
      "mode": "managed",
      "type": "aws_instance",
      "name": "Modelo-WebSite",
      "provider": "provider[\"registry.terraform.io/hashicorp/aws\"]",
      "instances": [
        {
          "schema_version": 1,
          "attributes": {
            "ami": "ami-07414462a31609040",
            "arn": "arn:aws:ec2:us-east-2:405378853534:instance/i-00be7ce50fcc57f4e",
            "associate_public_ip_address": true,
            "availability_zone": "us-east-2b",
            "capacity_reservation_specification": [
              {
                "capacity_reservation_preference": "open",
                "capacity_reservation_target": []
              }
            ],
            "cpu_core_count": 1,
            "cpu_threads_per_core": 1,
            "credit_specification": [
              {
                "cpu_credits": "standard"
              }
            ],
            "disable_api_stop": false,
            "disable_api_termination": false,
            "ebs_block_device": [],
            "ebs_optimized": false,
            "enclave_options": [
              {
                "enabled": false
              }
            ],
            "ephemeral_block_device": [],
            "get_password_data": false,
            "hibernation": false,
            "host_id": null,
            "host_resource_group_arn": null,
            "iam_instance_profile": "",
            "id": "i-00be7ce50fcc57f4e",
            "instance_initiated_shutdown_behavior": "stop",
            "instance_state": "running",
            "instance_type": "t2.micro",
            "ipv6_address_count": 0,
            "ipv6_addresses": [],
            "key_name": "modelo-key",
            "launch_template": [],
            "maintenance_options": [
              {
                "auto_recovery": "default"
              }
            ],
            "metadata_options": [
              {
                "http_endpoint": "enabled",
                "http_put_response_hop_limit": 1,
                "http_tokens": "optional",
                "instance_metadata_tags": "disabled"
              }
            ],
            "monitoring": true,
            "network_interface": [
              {
                "delete_on_termination": false,
                "device_index": 0,
                "network_card_index": 0,
                "network_interface_id": "eni-0a337a0178519eb15"
              }
            ],
            "outpost_arn": "",
            "password_data": "",
            "placement_group": "",
            "placement_partition_number": null,
            "primary_network_interface_id": "eni-0a337a0178519eb15",
            "private_dns": "ip-172-16-15-150.us-east-2.compute.internal",
            "private_dns_name_options": [
              {
                "enable_resource_name_dns_a_record": false,
                "enable_resource_name_dns_aaaa_record": false,
                "hostname_type": "ip-name"
              }
            ],
            "private_ip": "172.16.15.150",
            "public_dns": "ec2-3-139-91-26.us-east-2.compute.amazonaws.com",
            "public_ip": "3.139.91.26",
            "root_block_device": [
              {
                "delete_on_termination": true,
                "device_name": "/dev/sda1",
                "encrypted": false,
                "iops": 100,
                "kms_key_id": "",
                "tags": {},
                "throughput": 0,
                "volume_id": "vol-0b3ed85b560f48a44",
                "volume_size": 8,
                "volume_type": "gp2"
              }
            ],
            "secondary_private_ips": [],
            "security_groups": [],
            "source_dest_check": true,
            "subnet_id": "subnet-0d70c7504b797efba",
            "tags": {
              "Name": "pt5aluno53_Modelo-Elissandro",
              "Provisioner": "TerraForm"
            },
            "tags_all": {
              "Name": "pt5aluno53_Modelo-Elissandro",
              "Provisioner": "TerraForm"
            },
            "tenancy": "default",
            "timeouts": null,
            "user_data": "8f25c6b519b4cce20d2505e08676fa392b2bb94e",
            "user_data_base64": null,
            "user_data_replace_on_change": false,
            "volume_tags": null,
            "vpc_security_group_ids": [
              "sg-0cde05c294e4ecf02"
            ]
          },
          "sensitive_attributes": [],
          "private": "eyJlMmJmYjczMC1lY2FhLTExZTYtOGY4OC0zNDM2M2JjN2M0YzAiOnsiY3JlYXRlIjo2MDAwMDAwMDAwMDAsImRlbGV0ZSI6MTIwMDAwMDAwMDAwMCwidXBkYXRlIjo2MDAwMDAwMDAwMDB9LCJzY2hlbWFfdmVyc2lvbiI6IjEifQ==",
          "dependencies": [
            "aws_key_pair.deployer",
            "aws_network_interface.placa-modelo-vpc",
            "aws_security_group.SG-modelo",
            "aws_subnet.modelo-subrede-publica",
            "aws_vpc.modelo-vpc",
            "data.aws_ami.ubuntu_last"
          ]
        }
      ]
    },
    {
      "mode": "managed",
      "type": "aws_internet_gateway",
      "name": "IGW-modelo",
      "provider": "provider[\"registry.terraform.io/hashicorp/aws\"]",
      "instances": [
        {
          "schema_version": 0,
          "attributes": {
            "arn": "arn:aws:ec2:us-east-2:405378853534:internet-gateway/igw-0f64ab537456112e2",
            "id": "igw-0f64ab537456112e2",
            "owner_id": "405378853534",
            "tags": {
              "Name": "IGW-modelo"
            },
            "tags_all": {
              "Name": "IGW-modelo"
            },
            "timeouts": null,
            "vpc_id": "vpc-044cb298b27c97253"
          },
          "sensitive_attributes": [],
          "private": "eyJlMmJmYjczMC1lY2FhLTExZTYtOGY4OC0zNDM2M2JjN2M0YzAiOnsiY3JlYXRlIjoxMjAwMDAwMDAwMDAwLCJkZWxldGUiOjEyMDAwMDAwMDAwMDAsInVwZGF0ZSI6MTIwMDAwMDAwMDAwMH19",
          "dependencies": [
            "aws_vpc.modelo-vpc"
          ]
        }
      ]
    },
    {
      "mode": "managed",
      "type": "aws_key_pair",
      "name": "deployer",
      "provider": "provider[\"registry.terraform.io/hashicorp/aws\"]",
      "instances": [
        {
          "schema_version": 1,
          "attributes": {
            "arn": "arn:aws:ec2:us-east-2:405378853534:key-pair/modelo-key",
            "fingerprint": "6b:74:e2:2a:8c:d0:71:ed:da:c5:14:c1:f2:22:e7:e0",
            "id": "modelo-key",
            "key_name": "modelo-key",
            "key_name_prefix": "",
            "key_pair_id": "key-0b31af2c5ee832618",
            "key_type": "rsa",
            "public_key": "ssh-rsa AAAAB3NzaC1yc2EAAAADAQABAAABgQDoRBn4J5qjla81tpVtFc5Gw85uXu70erE2GDt25HJu6X2F+XscxLQWXTJa5m+OrWSfEWHZH/F8jCruCinaiO/LC0mXrivNgDzlRxtAfXfhoy0F4COx3/dZI4/8fwRhHHt95XBvnmwz0txVcFlm3zkPSxexcWnBW19aXXS1TYQJH0ZUTmlJyRZpHxR99ylZBC8x+VfBQavdp7sA0ExaIx/CVr8o0oitFqqXnAARfBW6IShXU4tMgShatxskYYfg4Fw+MN6jQmC8T51TT35Qvu+9OcT6tCq95ow5FUx61dm8Iebv69QuDtaP+oHux+G3szkK8dEw644IZZrztyKxNC2FnR48GaVgrlu+cirfFotWy/rWur6J5elcFGTIwKsOMC+Uz1SR5LnRjdYBjlNrKkKOMeMtXO8Ll5i0kMG/YVOVxow7VwSeHsF29Ekc9NmY4pCx0sCL1TDt97AVkgszUIra1BSdEfMxXKdKkTfCB7MejfO6Wc/juviQM8li1R67vqk= elissandro@Elissandro-Dell",
            "tags": null,
            "tags_all": {}
          },
          "sensitive_attributes": [],
          "private": "eyJzY2hlbWFfdmVyc2lvbiI6IjEifQ=="
        }
      ]
    },
    {
      "mode": "managed",
      "type": "aws_network_interface",
      "name": "placa-modelo-vpc",
      "provider": "provider[\"registry.terraform.io/hashicorp/aws\"]",
      "instances": [
        {
          "schema_version": 0,
          "attributes": {
            "arn": "arn:aws:ec2:us-east-2:405378853534:network-interface/eni-0a337a0178519eb15",
            "attachment": [],
            "description": "",
            "id": "eni-0a337a0178519eb15",
            "interface_type": "interface",
            "ipv4_prefix_count": 0,
            "ipv4_prefixes": [],
            "ipv6_address_count": 0,
            "ipv6_address_list": [],
            "ipv6_address_list_enabled": false,
            "ipv6_addresses": [],
            "ipv6_prefix_count": 0,
            "ipv6_prefixes": [],
            "mac_address": "06:71:f4:9f:bc:8c",
            "outpost_arn": "",
            "owner_id": "405378853534",
            "private_dns_name": "ip-172-16-15-150.us-east-2.compute.internal",
            "private_ip": "172.16.15.150",
            "private_ip_list": [
              "172.16.15.150"
            ],
            "private_ip_list_enabled": false,
            "private_ips": [
              "172.16.15.150"
            ],
            "private_ips_count": 0,
            "security_groups": [
              "sg-0cde05c294e4ecf02"
            ],
            "source_dest_check": true,
            "subnet_id": "subnet-0d70c7504b797efba",
            "tags": {
              "Name": "placa-modelo-vpc"
            },
            "tags_all": {
              "Name": "placa-modelo-vpc"
            }
          },
          "sensitive_attributes": [],
          "private": "bnVsbA==",
          "dependencies": [
            "aws_security_group.SG-modelo",
            "aws_subnet.modelo-subrede-publica",
            "aws_vpc.modelo-vpc"
          ]
        }
      ]
    },
    {
      "mode": "managed",
      "type": "aws_route_table",
      "name": "Public_RT",
      "provider": "provider[\"registry.terraform.io/hashicorp/aws\"]",
      "instances": [
        {
          "schema_version": 0,
          "attributes": {
            "arn": "arn:aws:ec2:us-east-2:405378853534:route-table/rtb-09b0705e58e2f488f",
            "id": "rtb-09b0705e58e2f488f",
            "owner_id": "405378853534",
            "propagating_vgws": [],
            "route": [
              {
                "carrier_gateway_id": "",
                "cidr_block": "0.0.0.0/0",
                "core_network_arn": "",
                "destination_prefix_list_id": "",
                "egress_only_gateway_id": "",
                "gateway_id": "igw-0f64ab537456112e2",
                "instance_id": "",
                "ipv6_cidr_block": "",
                "local_gateway_id": "",
                "nat_gateway_id": "",
                "network_interface_id": "",
                "transit_gateway_id": "",
                "vpc_endpoint_id": "",
                "vpc_peering_connection_id": ""
              }
            ],
            "tags": {
              "Name": "Public Routing Table"
            },
            "tags_all": {
              "Name": "Public Routing Table"
            },
            "timeouts": null,
            "vpc_id": "vpc-044cb298b27c97253"
          },
          "sensitive_attributes": [],
          "private": "eyJlMmJmYjczMC1lY2FhLTExZTYtOGY4OC0zNDM2M2JjN2M0YzAiOnsiY3JlYXRlIjozMDAwMDAwMDAwMDAsImRlbGV0ZSI6MzAwMDAwMDAwMDAwLCJ1cGRhdGUiOjEyMDAwMDAwMDAwMH19",
          "dependencies": [
            "aws_internet_gateway.IGW-modelo",
            "aws_vpc.modelo-vpc"
          ]
        }
      ]
    },
    {
      "mode": "managed",
      "type": "aws_route_table_association",
      "name": "Public_RT_Association",
      "provider": "provider[\"registry.terraform.io/hashicorp/aws\"]",
      "instances": [
        {
          "schema_version": 0,
          "attributes": {
            "gateway_id": "",
            "id": "rtbassoc-08c0af46be7719cf8",
            "route_table_id": "rtb-09b0705e58e2f488f",
            "subnet_id": "subnet-0d70c7504b797efba"
          },
          "sensitive_attributes": [],
          "private": "bnVsbA==",
          "dependencies": [
            "aws_internet_gateway.IGW-modelo",
            "aws_route_table.Public_RT",
            "aws_subnet.modelo-subrede-publica",
            "aws_vpc.modelo-vpc"
          ]
        }
      ]
    },
    {
      "mode": "managed",
      "type": "aws_security_group",
      "name": "SG-modelo",
      "provider": "provider[\"registry.terraform.io/hashicorp/aws\"]",
      "instances": [
        {
          "schema_version": 1,
          "attributes": {
            "arn": "arn:aws:ec2:us-east-2:405378853534:security-group/sg-0cde05c294e4ecf02",
            "description": "Firewal",
            "egress": [
              {
                "cidr_blocks": [
                  "0.0.0.0/0"
                ],
                "description": "",
                "from_port": 0,
                "ipv6_cidr_blocks": [
                  "::/0"
                ],
                "prefix_list_ids": [],
                "protocol": "-1",
                "security_groups": [],
                "self": false,
                "to_port": 0
              }
            ],
            "id": "sg-0cde05c294e4ecf02",
            "ingress": [
              {
                "cidr_blocks": [
                  "0.0.0.0/0"
                ],
                "description": "HTTP from VPC",
                "from_port": 80,
                "ipv6_cidr_blocks": [
                  "::/0"
                ],
                "prefix_list_ids": [],
                "protocol": "tcp",
                "security_groups": [],
                "self": false,
                "to_port": 80
              },
              {
                "cidr_blocks": [
                  "0.0.0.0/0"
                ],
                "description": "SSH from VPC",
                "from_port": 22,
                "ipv6_cidr_blocks": [
                  "::/0"
                ],
                "prefix_list_ids": [],
                "protocol": "tcp",
                "security_groups": [],
                "self": false,
                "to_port": 22
              }
            ],
            "name": "SG-modelo",
            "name_prefix": "",
            "owner_id": "405378853534",
            "revoke_rules_on_delete": false,
            "tags": {
              "Name": "SG-modelo"
            },
            "tags_all": {
              "Name": "SG-modelo"
            },
            "timeouts": null,
            "vpc_id": "vpc-044cb298b27c97253"
          },
          "sensitive_attributes": [],
          "private": "eyJlMmJmYjczMC1lY2FhLTExZTYtOGY4OC0zNDM2M2JjN2M0YzAiOnsiY3JlYXRlIjo2MDAwMDAwMDAwMDAsImRlbGV0ZSI6OTAwMDAwMDAwMDAwfSwic2NoZW1hX3ZlcnNpb24iOiIxIn0=",
          "dependencies": [
            "aws_vpc.modelo-vpc"
          ]
        }
      ]
    },
    {
      "mode": "managed",
      "type": "aws_subnet",
      "name": "modelo-subrede-publica",
      "provider": "provider[\"registry.terraform.io/hashicorp/aws\"]",
      "instances": [
        {
          "schema_version": 1,
          "attributes": {
            "arn": "arn:aws:ec2:us-east-2:405378853534:subnet/subnet-0d70c7504b797efba",
            "assign_ipv6_address_on_creation": false,
            "availability_zone": "us-east-2b",
            "availability_zone_id": "use2-az2",
            "cidr_block": "172.16.15.0/24",
            "customer_owned_ipv4_pool": "",
            "enable_dns64": false,
            "enable_resource_name_dns_a_record_on_launch": false,
            "enable_resource_name_dns_aaaa_record_on_launch": false,
            "id": "subnet-0d70c7504b797efba",
            "ipv6_cidr_block": "",
            "ipv6_cidr_block_association_id": "",
            "ipv6_native": false,
            "map_customer_owned_ip_on_launch": false,
            "map_public_ip_on_launch": true,
            "outpost_arn": "",
            "owner_id": "405378853534",
            "private_dns_hostname_type_on_launch": "ip-name",
            "tags": {
              "Name": "Modelo Sub-rede pública"
            },
            "tags_all": {
              "Name": "Modelo Sub-rede pública"
            },
            "timeouts": null,
            "vpc_id": "vpc-044cb298b27c97253"
          },
          "sensitive_attributes": [],
          "private": "eyJlMmJmYjczMC1lY2FhLTExZTYtOGY4OC0zNDM2M2JjN2M0YzAiOnsiY3JlYXRlIjo2MDAwMDAwMDAwMDAsImRlbGV0ZSI6MTIwMDAwMDAwMDAwMH0sInNjaGVtYV92ZXJzaW9uIjoiMSJ9",
          "dependencies": [
            "aws_vpc.modelo-vpc"
          ]
        }
      ]
    },
    {
      "mode": "managed",
      "type": "aws_vpc",
      "name": "modelo-vpc",
      "provider": "provider[\"registry.terraform.io/hashicorp/aws\"]",
      "instances": [
        {
          "schema_version": 1,
          "attributes": {
            "arn": "arn:aws:ec2:us-east-2:405378853534:vpc/vpc-044cb298b27c97253",
            "assign_generated_ipv6_cidr_block": false,
            "cidr_block": "172.16.0.0/20",
            "default_network_acl_id": "acl-0589d48712fefc61b",
            "default_route_table_id": "rtb-0778f26f190f2e840",
            "default_security_group_id": "sg-0ee82fdb8585d9866",
            "dhcp_options_id": "dopt-0d24cc94e277ce44d",
            "enable_classiclink": false,
            "enable_classiclink_dns_support": false,
            "enable_dns_hostnames": true,
            "enable_dns_support": true,
            "enable_network_address_usage_metrics": false,
            "id": "vpc-044cb298b27c97253",
            "instance_tenancy": "default",
            "ipv4_ipam_pool_id": null,
            "ipv4_netmask_length": null,
            "ipv6_association_id": "",
            "ipv6_cidr_block": "",
            "ipv6_cidr_block_network_border_group": "",
            "ipv6_ipam_pool_id": "",
            "ipv6_netmask_length": 0,
            "main_route_table_id": "rtb-0778f26f190f2e840",
            "owner_id": "405378853534",
            "tags": {
              "Name": "modelo-vpc"
            },
            "tags_all": {
              "Name": "modelo-vpc"
            }
          },
          "sensitive_attributes": [],
          "private": "eyJzY2hlbWFfdmVyc2lvbiI6IjEifQ=="
        }
      ]
    }
  ],
  "check_results": []
}
